connectrpc.com/connect v1.14.0 h1:PDS+J7uoz5Oui2VEOMcfz6Qft7opQM9hPiKvtGC01pA=
connectrpc.com/connect v1.14.0/go.mod h1:uoAq5bmhhn43TwhaKdGKN/bZcGtzPW1v+ngDTn5u+8s=
github.com/GeertJohan/go.incremental v1.0.0/go.mod h1:6fAjUhbVuX1KcMD3c8TEgVUqmo4seqhv0i0kdATSkM0=
github.com/GeertJohan/go.rice v1.0.3 h1:k5viR+xGtIhF61125vCE1cmJ5957RQGXG6dmbaWZSmI=
github.com/GeertJohan/go.rice v1.0.3/go.mod h1:XVdrU4pW00M4ikZed5q56tPf1v2KwnIKeIdc9CBYNt4=
github.com/akavel/rsrc v0.8.0/go.mod h1:uLoCtb9J+EyAqh+26kdrTgmzRBFPGOolLWKpdxkKq+c=
github.com/alessio/shellescape v1.4.2 h1:MHPfaU+ddJ0/bYWpgIeUnQUqKrlJ1S7BfEYPM4uEoM0=
github.com/alessio/shellescape v1.4.2/go.mod h1:PZAiSCk0LJaZkiCSkPv8qIobYglO3FPpyFjDCtHLS30=
github.com/daaku/go.zipexe v1.0.2 h1:Zg55YLYTr7M9wjKn8SY/WcpuuEi+kR2u4E8RhvpyXmk=
github.com/daaku/go.zipexe v1.0.2/go.mod h1:5xWogtqlYnfBXkSB1o9xysukNP9GTvaNkqzUZbt3Bw8=
github.com/davecgh/go-spew v1.1.1 h1:vj9j/u1bqnvCEfJOwUhtlOARqs3+rkHYY13jYWTU97c=
github.com/davecgh/go-spew v1.1.1/go.mod h1:J7Y8YcW2NihsgmVo/mv3lAwl/skON4iLHjSsI+c5H38=
github.com/gitploy-io/cronexpr v0.2.2 h1:Au+wK6FqmOLAF7AkW6q4gnrNXTe3rEW97XFZ4chy0xs=
github.com/gitploy-io/cronexpr v0.2.2/go.mod h1:Uep5sbzUSocMZvJ1s0lNI9zi37s5iUI1llkw3vRGK9M=
github.com/golang-jwt/jwt/v5 v5.2.0 h1:d/ix8ftRUorsN+5eMIlF4T6J8CAt9rch3My2winC1Jw=
github.com/golang-jwt/jwt/v5 v5.2.0/go.mod h1:pqrtFR0X4osieyHYxtmOUWsAWrfe1Q5UVIyoH402zdk=
github.com/golang/protobuf v1.5.0/go.mod h1:FsONVRAS9T7sI+LIUmWTfcYkHO4aIWwzhcaSAoJOfIk=
github.com/golang/protobuf v1.5.3 h1:KhyjKVUg7Usr/dYsdSqoFveMYd5ko72D+zANwlG1mmg=
github.com/golang/protobuf v1.5.3/go.mod h1:XVQd3VNwM+JqD3oG2Ue2ip4fOMUkwXdXDdiuN0vRsmY=
github.com/google/go-cmp v0.5.5/go.mod h1:v8dTdLbMG2kIc/vJvl+f65V22dbkXbowE6jgT/gNBxE=
github.com/google/go-cmp v0.6.0 h1:ofyhxvXcZhMsU5ulbFiLKl/XBFqE1GSq7atu8tAmTRI=
github.com/google/go-cmp v0.6.0/go.mod h1:17dUlkBOakJ0+DkrSSNjCkIjxS6bF9zb3elmeNGIjoY=
github.com/hashicorp/errwrap v1.0.0/go.mod h1:YH+1FKiLXxHSkmPseP+kNlulaMuP3n2brvKWEqk/Jc4=
github.com/hashicorp/errwrap v1.1.0 h1:OxrOeh75EUXMY8TBjag2fzXGZ40LB6IKw45YeGUDY2I=
github.com/hashicorp/errwrap v1.1.0/go.mod h1:YH+1FKiLXxHSkmPseP+kNlulaMuP3n2brvKWEqk/Jc4=
github.com/hashicorp/go-multierror v1.1.1 h1:H5DkEtf6CXdFp0N0Em5UCwQpXMWke8IA0+lD48awMYo=
github.com/hashicorp/go-multierror v1.1.1/go.mod h1:iw975J/qwKPdAO1clOe2L8331t/9/fmwbPZ6JB6eMoM=
github.com/jessevdk/go-flags v1.4.0/go.mod h1:4FA24M0QyGHXBuZZK/XkWh8h0e1EYbRYJSGM75WSRxI=
github.com/mattn/go-colorable v0.1.13 h1:fFA4WZxdEF4tXPZVKMLwD8oUnCTTo08duU7wxecdEvA=
github.com/mattn/go-colorable v0.1.13/go.mod h1:7S9/ev0klgBDR4GtXTXX8a3vIGJpMovkB8vQcUbaXHg=
github.com/mattn/go-isatty v0.0.16/go.mod h1:kYGgaQfpe5nmfYZH+SKPsOc2e4SrIfOl2e/yFXSvRLM=
github.com/mattn/go-isatty v0.0.20 h1:xfD0iDuEKnDkl03q4limB+vH+GxLEtL/jb4xVJSWWEY=
github.com/mattn/go-isatty v0.0.20/go.mod h1:W+V8PltTTMOvKvAeJH7IuucS94S2C6jfK/D7dTCTo3Y=
github.com/natefinch/atomic v1.0.1 h1:ZPYKxkqQOx3KZ+RsbnP/YsgvxWQPGxjC0oBt2AhwV0A=
github.com/natefinch/atomic v1.0.1/go.mod h1:N/D/ELrljoqDyT3rZrsUmtsuzvHkeB/wWjHV22AZRbM=
github.com/nkovacs/streamquote v1.0.0/go.mod h1:BN+NaZ2CmdKqUuTUXUEm9j95B2TRbpOWpxbJYzzgUsc=
github.com/pmezard/go-difflib v1.0.0 h1:4DBwDE0NGyQoBHbLQYPwSUPoCMWR5BEzIk/f1lZbAQM=
github.com/pmezard/go-difflib v1.0.0/go.mod h1:iKH77koFhYxTK1pcRnkKkqfTogsbg7gZNVY4sRDYZ/4=
github.com/stretchr/testify v1.8.4 h1:CcVxjf3Q8PM0mHUKJCdn+eZZtm5yQwehR5yeSVQQcUk=
github.com/stretchr/testify v1.8.4/go.mod h1:sz/lmYIOXD/1dqDmKjjqLyZ2RngseejIcXlSw2iwfAo=
github.com/valyala/bytebufferpool v1.0.0/go.mod h1:6bBcMArwyJ5K/AmCkWv1jt77kVWyCJ6HpOuEn7z0Csc=
github.com/valyala/fasttemplate v1.0.1/go.mod h1:UQGH1tvbgY+Nz5t2n7tXsz52dQxojPUpymEIMZ47gx8=
go.etcd.io/bbolt v1.3.8 h1:xs88BrvEv273UsB79e0hcVrlUWmS0a8upikMFhSyAtA=
go.etcd.io/bbolt v1.3.8/go.mod h1:N9Mkw9X8x5fupy0IKsmuqVtoGDyxsaDlbk4Rd05IAQw=
go.uber.org/goleak v1.2.0 h1:xqgm/S+aQvhWFTtR0XK3Jvg7z8kGV8P4X14IzwN3Eqk=
go.uber.org/goleak v1.2.0/go.mod h1:XJYK+MuIchqpmGmUSAzotztawfKvYLUIgg7guXrwVUo=
go.uber.org/multierr v1.11.0 h1:blXXJkSxSSfBVBlC76pxqeO+LN3aDfLQo+309xJstO0=
go.uber.org/multierr v1.11.0/go.mod h1:20+QtiLqy0Nd6FdQB9TLXag12DsQkrbs3htMFfDN80Y=
go.uber.org/zap v1.26.0 h1:sI7k6L95XOKS281NhVKOFCUNIvv9e0w4BF8N3u+tCRo=
go.uber.org/zap v1.26.0/go.mod h1:dtElttAiwGvoJ/vj4IwHBS/gXsEu/pZ50mUIRWuG0so=
golang.org/x/crypto v0.18.0 h1:PGVlW0xEltQnzFZ55hkuX5+KLyrMYhHld1YHO4AKcdc=
golang.org/x/crypto v0.18.0/go.mod h1:R0j02AL6hcrfOiy9T4ZYp/rcWeMxM3L6QYxlOuEG1mg=
golang.org/x/net v0.20.0 h1:aCL9BSgETF1k+blQaYUBx9hJ9LOGP3gAVemcZlf1Kpo=
golang.org/x/net v0.20.0/go.mod h1:z8BVo6PvndSri0LbOE3hAn0apkU+1YvI6E70E9jsnvY=
golang.org/x/sync v0.6.0 h1:5BMeUDZ7vkXGfEr1x9B4bRcTH4lpkTkpdh0T/J+qjbQ=
golang.org/x/sync v0.6.0/go.mod h1:Czt+wKu1gCyEFDUtn0jG5QVvpJ6rzVqr5aXyt9drQfk=
golang.org/x/sys v0.0.0-20220811171246-fbc7d0a398ab/go.mod h1:oPkhp1MJrh7nUepCBck5+mAzfO9JrbApNNgaTdGDITg=
golang.org/x/sys v0.6.0/go.mod h1:oPkhp1MJrh7nUepCBck5+mAzfO9JrbApNNgaTdGDITg=
golang.org/x/sys v0.16.0 h1:xWw16ngr6ZMtmxDyKyIgsE93KNKz5HKmMa3b8ALHidU=
golang.org/x/sys v0.16.0/go.mod h1:/VUhepiaJMQUp4+oa/7Zr1D23ma6VTLIYjOOTFZPUcA=
golang.org/x/text v0.14.0 h1:ScX5w1eTa3QqT8oi6+ziP7dTV1S2+ALU0bI+0zXKWiQ=
golang.org/x/text v0.14.0/go.mod h1:18ZOQIKpY8NJVqYksKHtTdi31H5itFRjB5/qKTNYzSU=
golang.org/x/xerrors v0.0.0-20191204190536-9bdfabe68543/go.mod h1:I/5z698sn9Ka8TeJc9MKroUUfqBBauWjQqLJ2OPfmY0=
google.golang.org/genproto v0.0.0-20240125205218-1f4bbc51befe h1:USL2DhxfgRchafRvt/wYyyQNzwgL7ZiURcozOE/Pkvo=
google.golang.org/genproto v0.0.0-20240125205218-1f4bbc51befe/go.mod h1:cc8bqMqtv9gMOr0zHg2Vzff5ULhhL2IXP4sbcn32Dro=
google.golang.org/genproto/googleapis/api v0.0.0-20240125205218-1f4bbc51befe h1:0poefMBYvYbs7g5UkjS6HcxBPaTRAmznle9jnxYoAI8=
google.golang.org/genproto/googleapis/api v0.0.0-20240125205218-1f4bbc51befe/go.mod h1:4jWUdICTdgc3Ibxmr8nAJiiLHwQBY0UI0XZcEMaFKaA=
google.golang.org/genproto/googleapis/rpc v0.0.0-20240125205218-1f4bbc51befe h1:bQnxqljG/wqi4NTXu2+DJ3n7APcEA882QZ1JvhQAq9o=
google.golang.org/genproto/googleapis/rpc v0.0.0-20240125205218-1f4bbc51befe/go.mod h1:PAREbraiVEVGVdTZsVWjSbbTtSyGbAgIIvni8a8CD5s=
google.golang.org/grpc v1.61.0 h1:TOvOcuXn30kRao+gfcvsebNEa5iZIiLkisYEkf7R7o0=
google.golang.org/grpc v1.61.0/go.mod h1:VUbo7IFqmF1QtCAstipjG0GIoq49KvMe9+h1jFLBNJs=
google.golang.org/protobuf v1.26.0-rc.1/go.mod h1:jlhhOSvTdKEhbULTjvd4ARK9grFBp09yW+WbY/TyQbw=
google.golang.org/protobuf v1.26.0/go.mod h1:9q0QmTI4eRPtz6boOQmLYwt+qCgq0jsYwAQnmE0givc=
google.golang.org/protobuf v1.32.0 h1:pPC6BG5ex8PDFnkbrGU3EixyhKcQ2aDuBS36lqK/C7I=
google.golang.org/protobuf v1.32.0/go.mod h1:c6P6GXX6sHbq/GpV6MGZEdwhWPcYBgnhAHhKbcUYpos=
gopkg.in/yaml.v3 v3.0.1 h1:fxVm/GzAzEWqLHuvctI91KS9hhNmmWOoWu0XTYJS7CA=
gopkg.in/yaml.v3 v3.0.1/go.mod h1:K4uyk7z7BCEPqu6E+C64Yfv1cQ7kz7rIZviUmN+EgEM=
